
Microsoft Visual Studio Solution File, Format Version 12.00
# Visual Studio Version 17
VisualStudioVersion = 17.11.35303.130
MinimumVisualStudioVersion = 10.0.40219.1
Project("{FAE04EC0-301F-11D3-BF4B-00C04F79EFBC}") = "ClopeAlgorithm", "ClopeAlgorithm\ClopeAlgorithm.csproj", "{3A5960F7-A0B9-41D3-86D6-1E98AFBBE2CF}"
EndProject
Global
	GlobalSection(SolutionConfigurationPlatforms) = preSolution
		Debug|Any CPU = Debug|Any CPU
		Release|Any CPU = Release|Any CPU
	EndGlobalSection
	GlobalSection(ProjectConfigurationPlatforms) = postSolution
		{3A5960F7-A0B9-41D3-86D6-1E98AFBBE2CF}.Debug|Any CPU.ActiveCfg = Debug|Any CPU
		{3A5960F7-A0B9-41D3-86D6-1E98AFBBE2CF}.Debug|Any CPU.Build.0 = Debug|Any CPU
		{3A5960F7-A0B9-41D3-86D6-1E98AFBBE2CF}.Release|Any CPU.ActiveCfg = Release|Any CPU
		{3A5960F7-A0B9-41D3-86D6-1E98AFBBE2CF}.Release|Any CPU.Build.0 = Release|Any CPU
	EndGlobalSection
	GlobalSection(SolutionProperties) = preSolution
		HideSolutionNode = FALSE
	EndGlobalSection
	GlobalSection(ExtensibilityGlobals) = postSolution
		SolutionGuid = {69C5A982-0B07-463A-8618-BFD7FE445E82}
	EndGlobalSection
EndGlobal
